// !$*UTF8*$!
{
	archiveVersion = 1;
	classes = {
	};
	objectVersion = 50;
	objects = {

/* Begin PBXBuildFile section */
		7B51A12B23F6A5D400F70518 /* AppDelegate.swift in Sources */ = {isa = PBXBuildFile; fileRef = 7B51A12A23F6A5D400F70518 /* AppDelegate.swift */; };
		7B51A12D23F6A5D400F70518 /* DocumentBrowserViewController.swift in Sources */ = {isa = PBXBuildFile; fileRef = 7B51A12C23F6A5D400F70518 /* DocumentBrowserViewController.swift */; };
		7B51A13123F6A5D400F70518 /* EmojiArtDocument.swift in Sources */ = {isa = PBXBuildFile; fileRef = 7B51A13023F6A5D400F70518 /* EmojiArtDocument.swift */; };
		7B51A13423F6A5D400F70518 /* Main.storyboard in Resources */ = {isa = PBXBuildFile; fileRef = 7B51A13223F6A5D400F70518 /* Main.storyboard */; };
		7B51A13623F6A5DB00F70518 /* Assets.xcassets in Resources */ = {isa = PBXBuildFile; fileRef = 7B51A13523F6A5DB00F70518 /* Assets.xcassets */; };
		7B51A13923F6A5DB00F70518 /* LaunchScreen.storyboard in Resources */ = {isa = PBXBuildFile; fileRef = 7B51A13723F6A5DB00F70518 /* LaunchScreen.storyboard */; };
		7B51A14823F6A78C00F70518 /* Utilities.swift in Sources */ = {isa = PBXBuildFile; fileRef = 7B51A14223F6A78C00F70518 /* Utilities.swift */; };
		7B51A14923F6A78C00F70518 /* EmojiCollectionViewCell.swift in Sources */ = {isa = PBXBuildFile; fileRef = 7B51A14323F6A78C00F70518 /* EmojiCollectionViewCell.swift */; };
		7B51A14A23F6A78C00F70518 /* EmojiArt.swift in Sources */ = {isa = PBXBuildFile; fileRef = 7B51A14423F6A78C00F70518 /* EmojiArt.swift */; };
		7B51A14B23F6A78C00F70518 /* TextFieldCollectionViewCell.swift in Sources */ = {isa = PBXBuildFile; fileRef = 7B51A14523F6A78C00F70518 /* TextFieldCollectionViewCell.swift */; };
		7B51A14C23F6A78C00F70518 /* EmojiArtDocumentTableViewController.swift in Sources */ = {isa = PBXBuildFile; fileRef = 7B51A14623F6A78C00F70518 /* EmojiArtDocumentTableViewController.swift */; };
		7B51A14D23F6A78C00F70518 /* EmojiArtViewController.swift in Sources */ = {isa = PBXBuildFile; fileRef = 7B51A14723F6A78C00F70518 /* EmojiArtViewController.swift */; };
		7B51A15023F6A7C000F70518 /* EmojiArtView.swift in Sources */ = {isa = PBXBuildFile; fileRef = 7B51A14E23F6A7C000F70518 /* EmojiArtView.swift */; };
		7B51A15123F6A7C000F70518 /* EmojiArtView+Gestures.swift in Sources */ = {isa = PBXBuildFile; fileRef = 7B51A14F23F6A7C000F70518 /* EmojiArtView+Gestures.swift */; };
/* End PBXBuildFile section */

/* Begin PBXFileReference section */
		7B51A12723F6A5D400F70518 /* EmojiArtPersistence.app */ = {isa = PBXFileReference; explicitFileType = wrapper.application; includeInIndex = 0; path = EmojiArtPersistence.app; sourceTree = BUILT_PRODUCTS_DIR; };
		7B51A12A23F6A5D400F70518 /* AppDelegate.swift */ = {isa = PBXFileReference; lastKnownFileType = sourcecode.swift; path = AppDelegate.swift; sourceTree = "<group>"; };
		7B51A12C23F6A5D400F70518 /* DocumentBrowserViewController.swift */ = {isa = PBXFileReference; lastKnownFileType = sourcecode.swift; path = DocumentBrowserViewController.swift; sourceTree = "<group>"; };
		7B51A13023F6A5D400F70518 /* EmojiArtDocument.swift */ = {isa = PBXFileReference; lastKnownFileType = sourcecode.swift; path = EmojiArtDocument.swift; sourceTree = "<group>"; };
		7B51A13323F6A5D400F70518 /* Base */ = {isa = PBXFileReference; lastKnownFileType = file.storyboard; name = Base; path = Base.lproj/Main.storyboard; sourceTree = "<group>"; };
		7B51A13523F6A5DB00F70518 /* Assets.xcassets */ = {isa = PBXFileReference; lastKnownFileType = folder.assetcatalog; path = Assets.xcassets; sourceTree = "<group>"; };
		7B51A13823F6A5DB00F70518 /* Base */ = {isa = PBXFileReference; lastKnownFileType = file.storyboard; name = Base; path = Base.lproj/LaunchScreen.storyboard; sourceTree = "<group>"; };
		7B51A13A23F6A5DB00F70518 /* Info.plist */ = {isa = PBXFileReference; lastKnownFileType = text.plist.xml; path = Info.plist; sourceTree = "<group>"; };
		7B51A14223F6A78C00F70518 /* Utilities.swift */ = {isa = PBXFileReference; fileEncoding = 4; lastKnownFileType = sourcecode.swift; path = Utilities.swift; sourceTree = "<group>"; };
		7B51A14323F6A78C00F70518 /* EmojiCollectionViewCell.swift */ = {isa = PBXFileReference; fileEncoding = 4; lastKnownFileType = sourcecode.swift; path = EmojiCollectionViewCell.swift; sourceTree = "<group>"; };
		7B51A14423F6A78C00F70518 /* EmojiArt.swift */ = {isa = PBXFileReference; fileEncoding = 4; lastKnownFileType = sourcecode.swift; path = EmojiArt.swift; sourceTree = "<group>"; };
		7B51A14523F6A78C00F70518 /* TextFieldCollectionViewCell.swift */ = {isa = PBXFileReference; fileEncoding = 4; lastKnownFileType = sourcecode.swift; path = TextFieldCollectionViewCell.swift; sourceTree = "<group>"; };
		7B51A14623F6A78C00F70518 /* EmojiArtDocumentTableViewController.swift */ = {isa = PBXFileReference; fileEncoding = 4; lastKnownFileType = sourcecode.swift; path = EmojiArtDocumentTableViewController.swift; sourceTree = "<group>"; };
		7B51A14723F6A78C00F70518 /* EmojiArtViewController.swift */ = {isa = PBXFileReference; fileEncoding = 4; lastKnownFileType = sourcecode.swift; path = EmojiArtViewController.swift; sourceTree = "<group>"; };
		7B51A14E23F6A7C000F70518 /* EmojiArtView.swift */ = {isa = PBXFileReference; fileEncoding = 4; lastKnownFileType = sourcecode.swift; path = EmojiArtView.swift; sourceTree = "<group>"; };
		7B51A14F23F6A7C000F70518 /* EmojiArtView+Gestures.swift */ = {isa = PBXFileReference; fileEncoding = 4; lastKnownFileType = sourcecode.swift; path = "EmojiArtView+Gestures.swift"; sourceTree = "<group>"; };
/* End PBXFileReference section */

/* Begin PBXFrameworksBuildPhase section */
		7B51A12423F6A5D400F70518 /* Frameworks */ = {
			isa = PBXFrameworksBuildPhase;
			buildActionMask = 2147483647;
			files = (
			);
			runOnlyForDeploymentPostprocessing = 0;
		};
/* End PBXFrameworksBuildPhase section */

/* Begin PBXGroup section */
		7B51A11E23F6A5D400F70518 = {
			isa = PBXGroup;
			children = (
				7B51A12923F6A5D400F70518 /* EmojiArtPersistence */,
				7B51A12823F6A5D400F70518 /* Products */,
			);
			sourceTree = "<group>";
		};
		7B51A12823F6A5D400F70518 /* Products */ = {
			isa = PBXGroup;
			children = (
				7B51A12723F6A5D400F70518 /* EmojiArtPersistence.app */,
			);
			name = Products;
			sourceTree = "<group>";
		};
		7B51A12923F6A5D400F70518 /* EmojiArtPersistence */ = {
			isa = PBXGroup;
			children = (
				7B51A14E23F6A7C000F70518 /* EmojiArtView.swift */,
				7B51A14F23F6A7C000F70518 /* EmojiArtView+Gestures.swift */,
				7B51A14423F6A78C00F70518 /* EmojiArt.swift */,
				7B51A14623F6A78C00F70518 /* EmojiArtDocumentTableViewController.swift */,
				7B51A14723F6A78C00F70518 /* EmojiArtViewController.swift */,
				7B51A14323F6A78C00F70518 /* EmojiCollectionViewCell.swift */,
				7B51A14523F6A78C00F70518 /* TextFieldCollectionViewCell.swift */,
				7B51A14223F6A78C00F70518 /* Utilities.swift */,
				7B51A14023F6A67500F70518 /* Supporting Files */,
				7B51A12C23F6A5D400F70518 /* DocumentBrowserViewController.swift */,
				7B51A13023F6A5D400F70518 /* EmojiArtDocument.swift */,
				7B51A13223F6A5D400F70518 /* Main.storyboard */,
				7B51A13A23F6A5DB00F70518 /* Info.plist */,
			);
			path = EmojiArtPersistence;
			sourceTree = "<group>";
		};
		7B51A14023F6A67500F70518 /* Supporting Files */ = {
			isa = PBXGroup;
			children = (
				7B51A12A23F6A5D400F70518 /* AppDelegate.swift */,
				7B51A13523F6A5DB00F70518 /* Assets.xcassets */,
				7B51A13723F6A5DB00F70518 /* LaunchScreen.storyboard */,
			);
			path = "Supporting Files";
			sourceTree = "<group>";
		};
/* End PBXGroup section */

/* Begin PBXNativeTarget section */
		7B51A12623F6A5D400F70518 /* EmojiArtPersistence */ = {
			isa = PBXNativeTarget;
			buildConfigurationList = 7B51A13D23F6A5DB00F70518 /* Build configuration list for PBXNativeTarget "EmojiArtPersistence" */;
			buildPhases = (
				7B51A12323F6A5D400F70518 /* Sources */,
				7B51A12423F6A5D400F70518 /* Frameworks */,
				7B51A12523F6A5D400F70518 /* Resources */,
			);
			buildRules = (
			);
			dependencies = (
			);
			name = EmojiArtPersistence;
			productName = EmojiArtPersistence;
			productReference = 7B51A12723F6A5D400F70518 /* EmojiArtPersistence.app */;
			productType = "com.apple.product-type.application";
		};
/* End PBXNativeTarget section */

/* Begin PBXProject section */
		7B51A11F23F6A5D400F70518 /* Project object */ = {
			isa = PBXProject;
			attributes = {
				LastSwiftUpdateCheck = 1130;
				LastUpgradeCheck = 1130;
				ORGANIZATIONNAME = "Анастасия Стрекалова";
				TargetAttributes = {
					7B51A12623F6A5D400F70518 = {
						CreatedOnToolsVersion = 11.3.1;
					};
				};
			};
			buildConfigurationList = 7B51A12223F6A5D400F70518 /* Build configuration list for PBXProject "EmojiArtPersistence" */;
			compatibilityVersion = "Xcode 9.3";
			developmentRegion = en;
			hasScannedForEncodings = 0;
			knownRegions = (
				en,
				Base,
			);
			mainGroup = 7B51A11E23F6A5D400F70518;
			productRefGroup = 7B51A12823F6A5D400F70518 /* Products */;
			projectDirPath = "";
			projectRoot = "";
			targets = (
				7B51A12623F6A5D400F70518 /* EmojiArtPersistence */,
			);
		};
/* End PBXProject section */

/* Begin PBXResourcesBuildPhase section */
		7B51A12523F6A5D400F70518 /* Resources */ = {
			isa = PBXResourcesBuildPhase;
			buildActionMask = 2147483647;
			files = (
				7B51A13923F6A5DB00F70518 /* LaunchScreen.storyboard in Resources */,
				7B51A13623F6A5DB00F70518 /* Assets.xcassets in Resources */,
				7B51A13423F6A5D400F70518 /* Main.storyboard in Resources */,
			);
			runOnlyForDeploymentPostprocessing = 0;
		};
/* End PBXResourcesBuildPhase section */

/* Begin PBXSourcesBuildPhase section */
		7B51A12323F6A5D400F70518 /* Sources */ = {
			isa = PBXSourcesBuildPhase;
			buildActionMask = 2147483647;
			files = (
				7B51A13123F6A5D400F70518 /* EmojiArtDocument.swift in Sources */,
				7B51A15023F6A7C000F70518 /* EmojiArtView.swift in Sources */,
				7B51A14D23F6A78C00F70518 /* EmojiArtViewController.swift in Sources */,
				7B51A14C23F6A78C00F70518 /* EmojiArtDocumentTableViewController.swift in Sources */,
				7B51A14A23F6A78C00F70518 /* EmojiArt.swift in Sources */,
				7B51A15123F6A7C000F70518 /* EmojiArtView+Gestures.swift in Sources */,
				7B51A14923F6A78C00F70518 /* EmojiCollectionViewCell.swift in Sources */,
				7B51A14B23F6A78C00F70518 /* TextFieldCollectionViewCell.swift in Sources */,
				7B51A12D23F6A5D400F70518 /* DocumentBrowserViewController.swift in Sources */,
				7B51A14823F6A78C00F70518 /* Utilities.swift in Sources */,
				7B51A12B23F6A5D400F70518 /* AppDelegate.swift in Sources */,
			);
			runOnlyForDeploymentPostprocessing = 0;
		};
/* End PBXSourcesBuildPhase section */

/* Begin PBXVariantGroup section */
		7B51A13223F6A5D400F70518 /* Main.storyboard */ = {
			isa = PBXVariantGroup;
			children = (
				7B51A13323F6A5D400F70518 /* Base */,
			);
			name = Main.storyboard;
			sourceTree = "<group>";
		};
		7B51A13723F6A5DB00F70518 /* LaunchScreen.storyboard */ = {
			isa = PBXVariantGroup;
			children = (
				7B51A13823F6A5DB00F70518 /* Base */,
			);
			name = LaunchScreen.storyboard;
			sourceTree = "<group>";
		};
/* End PBXVariantGroup section */

/* Begin XCBuildConfiguration section */
		7B51A13B23F6A5DB00F70518 /* Debug */ = {
			isa = XCBuildConfiguration;
			buildSettings = {
				ALWAYS_SEARCH_USER_PATHS = NO;
				CLANG_ANALYZER_NONNULL = YES;
				CLANG_ANALYZER_NUMBER_OBJECT_CONVERSION = YES_AGGRESSIVE;
				CLANG_CXX_LANGUAGE_STANDARD = "gnu++14";
				CLANG_CXX_LIBRARY = "libc++";
				CLANG_ENABLE_MODULES = YES;
				CLANG_ENABLE_OBJC_ARC = YES;
				CLANG_ENABLE_OBJC_WEAK = YES;
				CLANG_WARN_BLOCK_CAPTURE_AUTORELEASING = YES;
				CLANG_WARN_BOOL_CONVERSION = YES;
				CLANG_WARN_COMMA = YES;
				CLANG_WARN_CONSTANT_CONVERSION = YES;
				CLANG_WARN_DEPRECATED_OBJC_IMPLEMENTATIONS = YES;
				CLANG_WARN_DIRECT_OBJC_ISA_USAGE = YES_ERROR;
				CLANG_WARN_DOCUMENTATION_COMMENTS = YES;
				CLANG_WARN_EMPTY_BODY = YES;
				CLANG_WARN_ENUM_CONVERSION = YES;
				CLANG_WARN_INFINITE_RECURSION = YES;
				CLANG_WARN_INT_CONVERSION = YES;
				CLANG_WARN_NON_LITERAL_NULL_CONVERSION = YES;
				CLANG_WARN_OBJC_IMPLICIT_RETAIN_SELF = YES;
				CLANG_WARN_OBJC_LITERAL_CONVERSION = YES;
				CLANG_WARN_OBJC_ROOT_CLASS = YES_ERROR;
				CLANG_WARN_RANGE_LOOP_ANALYSIS = YES;
				CLANG_WARN_STRICT_PROTOTYPES = YES;
				CLANG_WARN_SUSPICIOUS_MOVE = YES;
				CLANG_WARN_UNGUARDED_AVAILABILITY = YES_AGGRESSIVE;
				CLANG_WARN_UNREACHABLE_CODE = YES;
				CLANG_WARN__DUPLICATE_METHOD_MATCH = YES;
				COPY_PHASE_STRIP = NO;
				DEBUG_INFORMATION_FORMAT = dwarf;
				ENABLE_STRICT_OBJC_MSGSEND = YES;
				ENABLE_TESTABILITY = YES;
				GCC_C_LANGUAGE_STANDARD = gnu11;
				GCC_DYNAMIC_NO_PIC = NO;
				GCC_NO_COMMON_BLOCKS = YES;
				GCC_OPTIMIZATION_LEVEL = 0;
				GCC_PREPROCESSOR_DEFINITIONS = (
					"DEBUG=1",
					"$(inherited)",
				);
				GCC_WARN_64_TO_32_BIT_CONVERSION = YES;
				GCC_WARN_ABOUT_RETURN_TYPE = YES_ERROR;
				GCC_WARN_UNDECLARED_SELECTOR = YES;
				GCC_WARN_UNINITIALIZED_AUTOS = YES_AGGRESSIVE;
				GCC_WARN_UNUSED_FUNCTION = YES;
				GCC_WARN_UNUSED_VARIABLE = YES;
				IPHONEOS_DEPLOYMENT_TARGET = 13.2;
				MTL_ENABLE_DEBUG_INFO = INCLUDE_SOURCE;
				MTL_FAST_MATH = YES;
				ONLY_ACTIVE_ARCH = YES;
				SDKROOT = iphoneos;
				SWIFT_ACTIVE_COMPILATION_CONDITIONS = DEBUG;
				SWIFT_OPTIMIZATION_LEVEL = "-Onone";
			};
			name = Debug;
		};
		7B51A13C23F6A5DB00F70518 /* Release */ = {
			isa = XCBuildConfiguration;
			buildSettings = {
				ALWAYS_SEARCH_USER_PATHS = NO;
				CLANG_ANALYZER_NONNULL = YES;
				CLANG_ANALYZER_NUMBER_OBJECT_CONVERSION = YES_AGGRESSIVE;
				CLANG_CXX_LANGUAGE_STANDARD = "gnu++14";
				CLANG_CXX_LIBRARY = "libc++";
				CLANG_ENABLE_MODULES = YES;
				CLANG_ENABLE_OBJC_ARC = YES;
				CLANG_ENABLE_OBJC_WEAK = YES;
				CLANG_WARN_BLOCK_CAPTURE_AUTORELEASING = YES;
				CLANG_WARN_BOOL_CONVERSION = YES;
				CLANG_WARN_COMMA = YES;
				CLANG_WARN_CONSTANT_CONVERSION = YES;
				CLANG_WARN_DEPRECATED_OBJC_IMPLEMENTATIONS = YES;
				CLANG_WARN_DIRECT_OBJC_ISA_USAGE = YES_ERROR;
				CLANG_WARN_DOCUMENTATION_COMMENTS = YES;
				CLANG_WARN_EMPTY_BODY = YES;
				CLANG_WARN_ENUM_CONVERSION = YES;
				CLANG_WARN_INFINITE_RECURSION = YES;
				CLANG_WARN_INT_CONVERSION = YES;
				CLANG_WARN_NON_LITERAL_NULL_CONVERSION = YES;
				CLANG_WARN_OBJC_IMPLICIT_RETAIN_SELF = YES;
				CLANG_WARN_OBJC_LITERAL_CONVERSION = YES;
				CLANG_WARN_OBJC_ROOT_CLASS = YES_ERROR;
				CLANG_WARN_RANGE_LOOP_ANALYSIS = YES;
				CLANG_WARN_STRICT_PROTOTYPES = YES;
				CLANG_WARN_SUSPICIOUS_MOVE = YES;
				CLANG_WARN_UNGUARDED_AVAILABILITY = YES_AGGRESSIVE;
				CLANG_WARN_UNREACHABLE_CODE = YES;
				CLANG_WARN__DUPLICATE_METHOD_MATCH = YES;
				COPY_PHASE_STRIP = NO;
				DEBUG_INFORMATION_FORMAT = "dwarf-with-dsym";
				ENABLE_NS_ASSERTIONS = NO;
				ENABLE_STRICT_OBJC_MSGSEND = YES;
				GCC_C_LANGUAGE_STANDARD = gnu11;
				GCC_NO_COMMON_BLOCKS = YES;
				GCC_WARN_64_TO_32_BIT_CONVERSION = YES;
				GCC_WARN_ABOUT_RETURN_TYPE = YES_ERROR;
				GCC_WARN_UNDECLARED_SELECTOR = YES;
				GCC_WARN_UNINITIALIZED_AUTOS = YES_AGGRESSIVE;
				GCC_WARN_UNUSED_FUNCTION = YES;
				GCC_WARN_UNUSED_VARIABLE = YES;
				IPHONEOS_DEPLOYMENT_TARGET = 13.2;
				MTL_ENABLE_DEBUG_INFO = NO;
				MTL_FAST_MATH = YES;
				SDKROOT = iphoneos;
				SWIFT_COMPILATION_MODE = wholemodule;
				SWIFT_OPTIMIZATION_LEVEL = "-O";
				VALIDATE_PRODUCT = YES;
			};
			name = Release;
		};
		7B51A13E23F6A5DB00F70518 /* Debug */ = {
			isa = XCBuildConfiguration;
			buildSettings = {
				ASSETCATALOG_COMPILER_APPICON_NAME = AppIcon;
				CODE_SIGN_STYLE = Automatic;
				DEVELOPMENT_TEAM = UFQPDAKA5S;
				INFOPLIST_FILE = EmojiArtPersistence/Info.plist;
				LD_RUNPATH_SEARCH_PATHS = (
					"$(inherited)",
					"@executable_path/Frameworks",
				);
				PRODUCT_BUNDLE_IDENTIFIER = com.yourcompany.EmojiArtPersistence;
				PRODUCT_NAME = "$(TARGET_NAME)";
				SWIFT_VERSION = 5.0;
				TARGETED_DEVICE_FAMILY = "1,2";
			};
			name = Debug;
		};
		7B51A13F23F6A5DB00F70518 /* Release */ = {
			isa = XCBuildConfiguration;
			buildSettings = {
				ASSETCATALOG_COMPILER_APPICON_NAME = AppIcon;
				CODE_SIGN_STYLE = Automatic;
				DEVELOPMENT_TEAM = UFQPDAKA5S;
				INFOPLIST_FILE = EmojiArtPersistence/Info.plist;
				LD_RUNPATH_SEARCH_PATHS = (
					"$(inherited)",
					"@executable_path/Frameworks",
				);
				PRODUCT_BUNDLE_IDENTIFIER = com.yourcompany.EmojiArtPersistence;
				PRODUCT_NAME = "$(TARGET_NAME)";
				SWIFT_VERSION = 5.0;
				TARGETED_DEVICE_FAMILY = "1,2";
			};
			name = Release;
		};
/* End XCBuildConfiguration section */

/* Begin XCConfigurationList section */
		7B51A12223F6A5D400F70518 /* Build configuration list for PBXProject "EmojiArtPersistence" */ = {
			isa = XCConfigurationList;
			buildConfigurations = (
				7B51A13B23F6A5DB00F70518 /* Debug */,
				7B51A13C23F6A5DB00F70518 /* Release */,
			);
			defaultConfigurationIsVisible = 0;
			defaultConfigurationName = Release;
		};
		7B51A13D23F6A5DB00F70518 /* Build configuration list for PBXNativeTarget "EmojiArtPersistence" */ = {
			isa = XCConfigurationList;
			buildConfigurations = (
				7B51A13E23F6A5DB00F70518 /* Debug */,
				7B51A13F23F6A5DB00F70518 /* Release */,
			);
			defaultConfigurationIsVisible = 0;
			defaultConfigurationName = Release;
		};
/* End XCConfigurationList section */
	};
	rootObject = 7B51A11F23F6A5D400F70518 /* Project object */;
}
